{
  "version": 4,
  "terraform_version": "1.10.5",
  "serial": 76,
  "lineage": "a179461e-c95e-f6a1-ced3-33742edfca17",
  "outputs": {},
  "resources": [
    {
      "mode": "data",
      "type": "local_file",
      "name": "user_data",
      "provider": "provider[\"registry.terraform.io/hashicorp/local\"]",
      "instances": [
        {
          "schema_version": 0,
          "attributes": {
            "content": "#!/bin/bash\nset -eux\n\necho \"Iniciando instalação na instância EC2...\"\n\n# Atualiza pacotes e instala dependências essenciais\nsudo yum update -y\nsudo yum install -y docker git vim\n\n# Inicia o serviço Docker\nsudo service docker start\n\n# Adiciona o usuário padrão ao grupo Docker\nsudo usermod -aG docker ec2-user\n\n# Configura Docker para iniciar automaticamente\nsudo chkconfig docker on\n\n# Instala a versão mais recente do Docker Compose Standalone\nsudo curl -L \"https://github.com/docker/compose/releases/latest/download/docker-compose-$(uname -s)-$(uname -m)\" -o /usr/local/bin/docker-compose\nsudo chmod +x /usr/local/bin/docker-compose\n\n# Verifica as versões instaladas\ndocker version\ndocker-compose version\n\n# Ajusta permissões para evitar problemas com Docker\nsudo chmod 666 /var/run/docker.sock\n\necho \"Instalação concluída!\"\n",
            "content_base64": "IyEvYmluL2Jhc2gKc2V0IC1ldXgKCmVjaG8gIkluaWNpYW5kbyBpbnN0YWxhw6fDo28gbmEgaW5zdMOibmNpYSBFQzIuLi4iCgojIEF0dWFsaXphIHBhY290ZXMgZSBpbnN0YWxhIGRlcGVuZMOqbmNpYXMgZXNzZW5jaWFpcwpzdWRvIHl1bSB1cGRhdGUgLXkKc3VkbyB5dW0gaW5zdGFsbCAteSBkb2NrZXIgZ2l0IHZpbQoKIyBJbmljaWEgbyBzZXJ2acOnbyBEb2NrZXIKc3VkbyBzZXJ2aWNlIGRvY2tlciBzdGFydAoKIyBBZGljaW9uYSBvIHVzdcOhcmlvIHBhZHLDo28gYW8gZ3J1cG8gRG9ja2VyCnN1ZG8gdXNlcm1vZCAtYUcgZG9ja2VyIGVjMi11c2VyCgojIENvbmZpZ3VyYSBEb2NrZXIgcGFyYSBpbmljaWFyIGF1dG9tYXRpY2FtZW50ZQpzdWRvIGNoa2NvbmZpZyBkb2NrZXIgb24KCiMgSW5zdGFsYSBhIHZlcnPDo28gbWFpcyByZWNlbnRlIGRvIERvY2tlciBDb21wb3NlIFN0YW5kYWxvbmUKc3VkbyBjdXJsIC1MICJodHRwczovL2dpdGh1Yi5jb20vZG9ja2VyL2NvbXBvc2UvcmVsZWFzZXMvbGF0ZXN0L2Rvd25sb2FkL2RvY2tlci1jb21wb3NlLSQodW5hbWUgLXMpLSQodW5hbWUgLW0pIiAtbyAvdXNyL2xvY2FsL2Jpbi9kb2NrZXItY29tcG9zZQpzdWRvIGNobW9kICt4IC91c3IvbG9jYWwvYmluL2RvY2tlci1jb21wb3NlCgojIFZlcmlmaWNhIGFzIHZlcnPDtWVzIGluc3RhbGFkYXMKZG9ja2VyIHZlcnNpb24KZG9ja2VyLWNvbXBvc2UgdmVyc2lvbgoKIyBBanVzdGEgcGVybWlzc8O1ZXMgcGFyYSBldml0YXIgcHJvYmxlbWFzIGNvbSBEb2NrZXIKc3VkbyBjaG1vZCA2NjYgL3Zhci9ydW4vZG9ja2VyLnNvY2sKCmVjaG8gIkluc3RhbGHDp8OjbyBjb25jbHXDrWRhISIK",
            "content_base64sha256": "AdizzkzMpGAaAI75nkXR2D48t8W8NS5Ink2XnyaMJ5Q=",
            "content_base64sha512": "mGq3AgSU9cSgGdSJ+qqWDZOfswXrNoZZAydA2/6n6EB73HyxDJ3kytoTRbUJ84BFfzNcIkNqBA0y8d7SK/t0lw==",
            "content_md5": "4bf303e7a4189007ba1ffb1464645075",
            "content_sha1": "74a5b02a4d64464165d79f3f5cbdcf9e4cd5e7db",
            "content_sha256": "01d8b3ce4ccca4601a008ef99e45d1d83e3cb7c5bc352e489e4d979f268c2794",
            "content_sha512": "986ab7020494f5c4a019d489faaa960d939fb305eb368659032740dbfea7e8407bdc7cb10c9de4cada1345b509f380457f335c22436a040d32f1ded22bfb7497",
            "filename": "./scripts/user_data.sh",
            "id": "74a5b02a4d64464165d79f3f5cbdcf9e4cd5e7db"
          },
          "sensitive_attributes": []
        }
      ]
    },
    {
      "mode": "managed",
      "type": "aws_instance",
      "name": "zabbix_server",
      "provider": "provider[\"registry.terraform.io/hashicorp/aws\"]",
      "instances": [
        {
          "schema_version": 1,
          "attributes": {
            "ami": "ami-0e2c8caa4b6378d8c",
            "arn": "arn:aws:ec2:us-east-1:008971679857:instance/i-04b4ff7938a1b9b07",
            "associate_public_ip_address": true,
            "availability_zone": "us-east-1a",
            "capacity_reservation_specification": [
              {
                "capacity_reservation_preference": "open",
                "capacity_reservation_target": []
              }
            ],
            "cpu_core_count": 1,
            "cpu_options": [
              {
                "amd_sev_snp": "",
                "core_count": 1,
                "threads_per_core": 2
              }
            ],
            "cpu_threads_per_core": 2,
            "credit_specification": [
              {
                "cpu_credits": "unlimited"
              }
            ],
            "disable_api_stop": false,
            "disable_api_termination": false,
            "ebs_block_device": [],
            "ebs_optimized": false,
            "enable_primary_ipv6": null,
            "enclave_options": [
              {
                "enabled": false
              }
            ],
            "ephemeral_block_device": [],
            "get_password_data": false,
            "hibernation": false,
            "host_id": "",
            "host_resource_group_arn": null,
            "iam_instance_profile": "",
            "id": "i-04b4ff7938a1b9b07",
            "instance_initiated_shutdown_behavior": "stop",
            "instance_lifecycle": "",
            "instance_market_options": [],
            "instance_state": "running",
            "instance_type": "t3.large",
            "ipv6_address_count": 0,
            "ipv6_addresses": [],
            "key_name": "terraform-lab",
            "launch_template": [],
            "maintenance_options": [
              {
                "auto_recovery": "default"
              }
            ],
            "metadata_options": [
              {
                "http_endpoint": "enabled",
                "http_protocol_ipv6": "disabled",
                "http_put_response_hop_limit": 2,
                "http_tokens": "required",
                "instance_metadata_tags": "disabled"
              }
            ],
            "monitoring": false,
            "network_interface": [],
            "outpost_arn": "",
            "password_data": "",
            "placement_group": "",
            "placement_partition_number": 0,
            "primary_network_interface_id": "eni-0eb4c5ec7fbba6564",
            "private_dns": "ip-10-0-1-179.ec2.internal",
            "private_dns_name_options": [
              {
                "enable_resource_name_dns_a_record": false,
                "enable_resource_name_dns_aaaa_record": false,
                "hostname_type": "ip-name"
              }
            ],
            "private_ip": "10.0.1.179",
            "public_dns": "",
            "public_ip": "204.236.212.233",
            "root_block_device": [
              {
                "delete_on_termination": true,
                "device_name": "/dev/sda1",
                "encrypted": false,
                "iops": 3000,
                "kms_key_id": "",
                "tags": {},
                "tags_all": {},
                "throughput": 125,
                "volume_id": "vol-0dfa9ebe7b826309d",
                "volume_size": 8,
                "volume_type": "gp3"
              }
            ],
            "secondary_private_ips": [],
            "security_groups": [],
            "source_dest_check": true,
            "spot_instance_request_id": "",
            "subnet_id": "subnet-0f8633a8e86b99408",
            "tags": {
              "Name": "ZabbixServerInstance"
            },
            "tags_all": {
              "Name": "ZabbixServerInstance"
            },
            "tenancy": "default",
            "timeouts": null,
            "user_data": "74a5b02a4d64464165d79f3f5cbdcf9e4cd5e7db",
            "user_data_base64": null,
            "user_data_replace_on_change": false,
            "volume_tags": null,
            "vpc_security_group_ids": [
              "sg-02bbad9295f27210f"
            ]
          },
          "sensitive_attributes": [],
          "private": "eyJlMmJmYjczMC1lY2FhLTExZTYtOGY4OC0zNDM2M2JjN2M0YzAiOnsiY3JlYXRlIjo2MDAwMDAwMDAwMDAsImRlbGV0ZSI6MTIwMDAwMDAwMDAwMCwicmVhZCI6OTAwMDAwMDAwMDAwLCJ1cGRhdGUiOjYwMDAwMDAwMDAwMH0sInNjaGVtYV92ZXJzaW9uIjoiMSJ9",
          "dependencies": [
            "aws_security_group.main",
            "aws_subnet.main",
            "aws_vpc.main",
            "data.local_file.user_data"
          ]
        }
      ]
    },
    {
      "mode": "managed",
      "type": "aws_internet_gateway",
      "name": "main",
      "provider": "provider[\"registry.terraform.io/hashicorp/aws\"]",
      "instances": [
        {
          "schema_version": 0,
          "attributes": {
            "arn": "arn:aws:ec2:us-east-1:008971679857:internet-gateway/igw-0d20d9f87173c67d9",
            "id": "igw-0d20d9f87173c67d9",
            "owner_id": "008971679857",
            "tags": {
              "Name": "MyInternetGateway"
            },
            "tags_all": {
              "Name": "MyInternetGateway"
            },
            "timeouts": null,
            "vpc_id": "vpc-0e1c719925e9f7302"
          },
          "sensitive_attributes": [],
          "private": "eyJlMmJmYjczMC1lY2FhLTExZTYtOGY4OC0zNDM2M2JjN2M0YzAiOnsiY3JlYXRlIjoxMjAwMDAwMDAwMDAwLCJkZWxldGUiOjEyMDAwMDAwMDAwMDAsInVwZGF0ZSI6MTIwMDAwMDAwMDAwMH19",
          "dependencies": [
            "aws_vpc.main"
          ]
        }
      ]
    },
    {
      "mode": "managed",
      "type": "aws_route_table",
      "name": "main",
      "provider": "provider[\"registry.terraform.io/hashicorp/aws\"]",
      "instances": [
        {
          "schema_version": 0,
          "attributes": {
            "arn": "arn:aws:ec2:us-east-1:008971679857:route-table/rtb-0c1202574a696e152",
            "id": "rtb-0c1202574a696e152",
            "owner_id": "008971679857",
            "propagating_vgws": [],
            "route": [
              {
                "carrier_gateway_id": "",
                "cidr_block": "0.0.0.0/0",
                "core_network_arn": "",
                "destination_prefix_list_id": "",
                "egress_only_gateway_id": "",
                "gateway_id": "igw-0d20d9f87173c67d9",
                "ipv6_cidr_block": "",
                "local_gateway_id": "",
                "nat_gateway_id": "",
                "network_interface_id": "",
                "transit_gateway_id": "",
                "vpc_endpoint_id": "",
                "vpc_peering_connection_id": ""
              }
            ],
            "tags": {
              "Name": "MyRouteTable"
            },
            "tags_all": {
              "Name": "MyRouteTable"
            },
            "timeouts": null,
            "vpc_id": "vpc-0e1c719925e9f7302"
          },
          "sensitive_attributes": [],
          "private": "eyJlMmJmYjczMC1lY2FhLTExZTYtOGY4OC0zNDM2M2JjN2M0YzAiOnsiY3JlYXRlIjozMDAwMDAwMDAwMDAsImRlbGV0ZSI6MzAwMDAwMDAwMDAwLCJ1cGRhdGUiOjEyMDAwMDAwMDAwMH19",
          "dependencies": [
            "aws_internet_gateway.main",
            "aws_vpc.main"
          ]
        }
      ]
    },
    {
      "mode": "managed",
      "type": "aws_route_table_association",
      "name": "main",
      "provider": "provider[\"registry.terraform.io/hashicorp/aws\"]",
      "instances": [
        {
          "schema_version": 0,
          "attributes": {
            "gateway_id": "",
            "id": "rtbassoc-0d0a07fe833a49180",
            "route_table_id": "rtb-0c1202574a696e152",
            "subnet_id": "subnet-0f8633a8e86b99408",
            "timeouts": null
          },
          "sensitive_attributes": [],
          "private": "eyJlMmJmYjczMC1lY2FhLTExZTYtOGY4OC0zNDM2M2JjN2M0YzAiOnsiY3JlYXRlIjozMDAwMDAwMDAwMDAsImRlbGV0ZSI6MzAwMDAwMDAwMDAwLCJ1cGRhdGUiOjEyMDAwMDAwMDAwMH19",
          "dependencies": [
            "aws_internet_gateway.main",
            "aws_route_table.main",
            "aws_subnet.main",
            "aws_vpc.main"
          ]
        }
      ]
    },
    {
      "mode": "managed",
      "type": "aws_security_group",
      "name": "main",
      "provider": "provider[\"registry.terraform.io/hashicorp/aws\"]",
      "instances": [
        {
          "schema_version": 1,
          "attributes": {
            "arn": "arn:aws:ec2:us-east-1:008971679857:security-group/sg-02bbad9295f27210f",
            "description": "Allow SSH and Zabbix access",
            "egress": [
              {
                "cidr_blocks": [
                  "0.0.0.0/0"
                ],
                "description": "",
                "from_port": 0,
                "ipv6_cidr_blocks": [],
                "prefix_list_ids": [],
                "protocol": "-1",
                "security_groups": [],
                "self": false,
                "to_port": 0
              }
            ],
            "id": "sg-02bbad9295f27210f",
            "ingress": [
              {
                "cidr_blocks": [
                  "0.0.0.0/0"
                ],
                "description": "Allow SSH",
                "from_port": 22,
                "ipv6_cidr_blocks": [],
                "prefix_list_ids": [],
                "protocol": "tcp",
                "security_groups": [],
                "self": false,
                "to_port": 22
              },
              {
                "cidr_blocks": [
                  "0.0.0.0/0"
                ],
                "description": "Allow Zabbix Agent",
                "from_port": 10050,
                "ipv6_cidr_blocks": [],
                "prefix_list_ids": [],
                "protocol": "tcp",
                "security_groups": [],
                "self": false,
                "to_port": 10050
              },
              {
                "cidr_blocks": [
                  "0.0.0.0/0"
                ],
                "description": "Allow Zabbix Server",
                "from_port": 10051,
                "ipv6_cidr_blocks": [],
                "prefix_list_ids": [],
                "protocol": "tcp",
                "security_groups": [],
                "self": false,
                "to_port": 10051
              },
              {
                "cidr_blocks": [
                  "0.0.0.0/0"
                ],
                "description": "Allow Zabbix Web",
                "from_port": 80,
                "ipv6_cidr_blocks": [],
                "prefix_list_ids": [],
                "protocol": "tcp",
                "security_groups": [],
                "self": false,
                "to_port": 80
              }
            ],
            "name": "zabbix-sg",
            "name_prefix": "",
            "owner_id": "008971679857",
            "revoke_rules_on_delete": false,
            "tags": {
              "Name": "ZabbixSecurityGroup"
            },
            "tags_all": {
              "Name": "ZabbixSecurityGroup"
            },
            "timeouts": null,
            "vpc_id": "vpc-0e1c719925e9f7302"
          },
          "sensitive_attributes": [],
          "private": "eyJlMmJmYjczMC1lY2FhLTExZTYtOGY4OC0zNDM2M2JjN2M0YzAiOnsiY3JlYXRlIjo2MDAwMDAwMDAwMDAsImRlbGV0ZSI6OTAwMDAwMDAwMDAwfSwic2NoZW1hX3ZlcnNpb24iOiIxIn0=",
          "dependencies": [
            "aws_vpc.main"
          ]
        }
      ]
    },
    {
      "mode": "managed",
      "type": "aws_subnet",
      "name": "main",
      "provider": "provider[\"registry.terraform.io/hashicorp/aws\"]",
      "instances": [
        {
          "schema_version": 1,
          "attributes": {
            "arn": "arn:aws:ec2:us-east-1:008971679857:subnet/subnet-0f8633a8e86b99408",
            "assign_ipv6_address_on_creation": false,
            "availability_zone": "us-east-1a",
            "availability_zone_id": "use1-az4",
            "cidr_block": "10.0.1.0/24",
            "customer_owned_ipv4_pool": "",
            "enable_dns64": false,
            "enable_lni_at_device_index": 0,
            "enable_resource_name_dns_a_record_on_launch": false,
            "enable_resource_name_dns_aaaa_record_on_launch": false,
            "id": "subnet-0f8633a8e86b99408",
            "ipv6_cidr_block": "",
            "ipv6_cidr_block_association_id": "",
            "ipv6_native": false,
            "map_customer_owned_ip_on_launch": false,
            "map_public_ip_on_launch": true,
            "outpost_arn": "",
            "owner_id": "008971679857",
            "private_dns_hostname_type_on_launch": "ip-name",
            "tags": {
              "Name": "MyTerraformSubnet"
            },
            "tags_all": {
              "Name": "MyTerraformSubnet"
            },
            "timeouts": null,
            "vpc_id": "vpc-0e1c719925e9f7302"
          },
          "sensitive_attributes": [],
          "private": "eyJlMmJmYjczMC1lY2FhLTExZTYtOGY4OC0zNDM2M2JjN2M0YzAiOnsiY3JlYXRlIjo2MDAwMDAwMDAwMDAsImRlbGV0ZSI6MTIwMDAwMDAwMDAwMH0sInNjaGVtYV92ZXJzaW9uIjoiMSJ9",
          "dependencies": [
            "aws_vpc.main"
          ]
        }
      ]
    },
    {
      "mode": "managed",
      "type": "aws_vpc",
      "name": "main",
      "provider": "provider[\"registry.terraform.io/hashicorp/aws\"]",
      "instances": [
        {
          "schema_version": 1,
          "attributes": {
            "arn": "arn:aws:ec2:us-east-1:008971679857:vpc/vpc-0e1c719925e9f7302",
            "assign_generated_ipv6_cidr_block": false,
            "cidr_block": "10.0.0.0/16",
            "default_network_acl_id": "acl-0220f832b8c091fac",
            "default_route_table_id": "rtb-03a331ddc90a0853c",
            "default_security_group_id": "sg-06b957668af12219f",
            "dhcp_options_id": "dopt-0735b331a44b35179",
            "enable_dns_hostnames": false,
            "enable_dns_support": true,
            "enable_network_address_usage_metrics": false,
            "id": "vpc-0e1c719925e9f7302",
            "instance_tenancy": "default",
            "ipv4_ipam_pool_id": null,
            "ipv4_netmask_length": null,
            "ipv6_association_id": "",
            "ipv6_cidr_block": "",
            "ipv6_cidr_block_network_border_group": "",
            "ipv6_ipam_pool_id": "",
            "ipv6_netmask_length": 0,
            "main_route_table_id": "rtb-03a331ddc90a0853c",
            "owner_id": "008971679857",
            "tags": {
              "Name": "MyTerraformVPC"
            },
            "tags_all": {
              "Name": "MyTerraformVPC"
            }
          },
          "sensitive_attributes": [],
          "private": "eyJzY2hlbWFfdmVyc2lvbiI6IjEifQ=="
        }
      ]
    }
  ],
  "check_results": null
}
