{
  "version": 4,
  "terraform_version": "1.10.5",
  "serial": 59,
  "lineage": "a179461e-c95e-f6a1-ced3-33742edfca17",
  "outputs": {},
  "resources": [
    {
      "mode": "data",
      "type": "local_file",
      "name": "user_data",
      "provider": "provider[\"registry.terraform.io/hashicorp/local\"]",
      "instances": [
        {
          "schema_version": 0,
          "attributes": {
            "content": "#!/bin/bash\nset -eux\n\necho \"Iniciando instalação na instância EC2...\"\n\n# Atualiza pacotes e instala dependências essenciais\nsudo apt update -y\nsudo apt install -y ca-certificates curl gnupg git\n\necho \"Adicionando chave do repositório Docker...\"\n# Criando diretório seguro para chave GPG do Docker\nsudo install -m 0755 -d /etc/apt/keyrings\ncurl -fsSL https://download.docker.com/linux/ubuntu/gpg | sudo tee /etc/apt/keyrings/docker.asc \u003e /dev/null\nsudo chmod a+r /etc/apt/keyrings/docker.asc\n\necho \"Adicionando repositório oficial do Docker...\"\necho \"deb [arch=$(dpkg --print-architecture) signed-by=/etc/apt/keyrings/docker.asc] \\\n  https://download.docker.com/linux/ubuntu $(lsb_release -cs) stable\" | sudo tee /etc/apt/sources.list.d/docker.list \u003e /dev/null\n\n# Atualiza pacotes novamente após adicionar repositório\nsudo apt update -y\n\necho \"Instalando Docker e dependências...\"\nsudo apt install -y docker-ce docker-ce-cli containerd.io docker-buildx-plugin docker-compose-plugin\n\necho \"Instalando Docker Compose Standalone...\"\nsudo curl -L \"https://github.com/docker/compose/releases/latest/download/docker-compose-$(uname -s)-$(uname -m)\" -o /usr/local/bin/docker-compose\nsudo chmod +x /usr/local/bin/docker-compose\ndocker-compose version  # Verifica se foi instalado corretamente\n\necho \"Adicionando usuário 'ubuntu' ao grupo Docker...\"\nsudo usermod -aG docker ubuntu\nnewgrp docker\n\necho \"Habilitando e iniciando serviço Docker...\"\nsudo systemctl enable docker\nsudo systemctl start docker\n\necho \"Clonando o repositório stack-prometheus...\"\ncd /home/ubuntu\ngit clone https://github.com/SalllesAndr/aws-docker-prometheus-grafana- aws-docker-prometheus-grafana\n\n\necho \"Ajustando permissões...\"\nsudo chown -R ubuntu:ubuntu /home/ubuntu/aws-docker-prometheus-grafana\n\n\necho \"Subindo os containers com Docker Compose...\"\ncd /home/ubuntu/aws-docker-prometheus-grafana/stack-prometheus\ndocker-compose up -d\n\n\necho \"Instalação concluída! Prometheus e Grafana estão rodando.\"\n",
            "content_base64": "IyEvYmluL2Jhc2gKc2V0IC1ldXgKCmVjaG8gIkluaWNpYW5kbyBpbnN0YWxhw6fDo28gbmEgaW5zdMOibmNpYSBFQzIuLi4iCgojIEF0dWFsaXphIHBhY290ZXMgZSBpbnN0YWxhIGRlcGVuZMOqbmNpYXMgZXNzZW5jaWFpcwpzdWRvIGFwdCB1cGRhdGUgLXkKc3VkbyBhcHQgaW5zdGFsbCAteSBjYS1jZXJ0aWZpY2F0ZXMgY3VybCBnbnVwZyBnaXQKCmVjaG8gIkFkaWNpb25hbmRvIGNoYXZlIGRvIHJlcG9zaXTDs3JpbyBEb2NrZXIuLi4iCiMgQ3JpYW5kbyBkaXJldMOzcmlvIHNlZ3VybyBwYXJhIGNoYXZlIEdQRyBkbyBEb2NrZXIKc3VkbyBpbnN0YWxsIC1tIDA3NTUgLWQgL2V0Yy9hcHQva2V5cmluZ3MKY3VybCAtZnNTTCBodHRwczovL2Rvd25sb2FkLmRvY2tlci5jb20vbGludXgvdWJ1bnR1L2dwZyB8IHN1ZG8gdGVlIC9ldGMvYXB0L2tleXJpbmdzL2RvY2tlci5hc2MgPiAvZGV2L251bGwKc3VkbyBjaG1vZCBhK3IgL2V0Yy9hcHQva2V5cmluZ3MvZG9ja2VyLmFzYwoKZWNobyAiQWRpY2lvbmFuZG8gcmVwb3NpdMOzcmlvIG9maWNpYWwgZG8gRG9ja2VyLi4uIgplY2hvICJkZWIgW2FyY2g9JChkcGtnIC0tcHJpbnQtYXJjaGl0ZWN0dXJlKSBzaWduZWQtYnk9L2V0Yy9hcHQva2V5cmluZ3MvZG9ja2VyLmFzY10gXAogIGh0dHBzOi8vZG93bmxvYWQuZG9ja2VyLmNvbS9saW51eC91YnVudHUgJChsc2JfcmVsZWFzZSAtY3MpIHN0YWJsZSIgfCBzdWRvIHRlZSAvZXRjL2FwdC9zb3VyY2VzLmxpc3QuZC9kb2NrZXIubGlzdCA+IC9kZXYvbnVsbAoKIyBBdHVhbGl6YSBwYWNvdGVzIG5vdmFtZW50ZSBhcMOzcyBhZGljaW9uYXIgcmVwb3NpdMOzcmlvCnN1ZG8gYXB0IHVwZGF0ZSAteQoKZWNobyAiSW5zdGFsYW5kbyBEb2NrZXIgZSBkZXBlbmTDqm5jaWFzLi4uIgpzdWRvIGFwdCBpbnN0YWxsIC15IGRvY2tlci1jZSBkb2NrZXItY2UtY2xpIGNvbnRhaW5lcmQuaW8gZG9ja2VyLWJ1aWxkeC1wbHVnaW4gZG9ja2VyLWNvbXBvc2UtcGx1Z2luCgplY2hvICJJbnN0YWxhbmRvIERvY2tlciBDb21wb3NlIFN0YW5kYWxvbmUuLi4iCnN1ZG8gY3VybCAtTCAiaHR0cHM6Ly9naXRodWIuY29tL2RvY2tlci9jb21wb3NlL3JlbGVhc2VzL2xhdGVzdC9kb3dubG9hZC9kb2NrZXItY29tcG9zZS0kKHVuYW1lIC1zKS0kKHVuYW1lIC1tKSIgLW8gL3Vzci9sb2NhbC9iaW4vZG9ja2VyLWNvbXBvc2UKc3VkbyBjaG1vZCAreCAvdXNyL2xvY2FsL2Jpbi9kb2NrZXItY29tcG9zZQpkb2NrZXItY29tcG9zZSB2ZXJzaW9uICAjIFZlcmlmaWNhIHNlIGZvaSBpbnN0YWxhZG8gY29ycmV0YW1lbnRlCgplY2hvICJBZGljaW9uYW5kbyB1c3XDoXJpbyAndWJ1bnR1JyBhbyBncnVwbyBEb2NrZXIuLi4iCnN1ZG8gdXNlcm1vZCAtYUcgZG9ja2VyIHVidW50dQpuZXdncnAgZG9ja2VyCgplY2hvICJIYWJpbGl0YW5kbyBlIGluaWNpYW5kbyBzZXJ2acOnbyBEb2NrZXIuLi4iCnN1ZG8gc3lzdGVtY3RsIGVuYWJsZSBkb2NrZXIKc3VkbyBzeXN0ZW1jdGwgc3RhcnQgZG9ja2VyCgplY2hvICJDbG9uYW5kbyBvIHJlcG9zaXTDs3JpbyBzdGFjay1wcm9tZXRoZXVzLi4uIgpjZCAvaG9tZS91YnVudHUKZ2l0IGNsb25lIGh0dHBzOi8vZ2l0aHViLmNvbS9TYWxsbGVzQW5kci9hd3MtZG9ja2VyLXByb21ldGhldXMtZ3JhZmFuYS0gYXdzLWRvY2tlci1wcm9tZXRoZXVzLWdyYWZhbmEKCgplY2hvICJBanVzdGFuZG8gcGVybWlzc8O1ZXMuLi4iCnN1ZG8gY2hvd24gLVIgdWJ1bnR1OnVidW50dSAvaG9tZS91YnVudHUvYXdzLWRvY2tlci1wcm9tZXRoZXVzLWdyYWZhbmEKCgplY2hvICJTdWJpbmRvIG9zIGNvbnRhaW5lcnMgY29tIERvY2tlciBDb21wb3NlLi4uIgpjZCAvaG9tZS91YnVudHUvYXdzLWRvY2tlci1wcm9tZXRoZXVzLWdyYWZhbmEvc3RhY2stcHJvbWV0aGV1cwpkb2NrZXItY29tcG9zZSB1cCAtZAoKCmVjaG8gIkluc3RhbGHDp8OjbyBjb25jbHXDrWRhISBQcm9tZXRoZXVzIGUgR3JhZmFuYSBlc3TDo28gcm9kYW5kby4iCg==",
            "content_base64sha256": "CfsHOV8u+juYzbhtedyTRx1/fCWVLGVyfPQejLhjFzU=",
            "content_base64sha512": "JtQjodpHRFOeRkZwlbfd2RW/GDO2/WYg+o8m890FKKsURJFUubtfe9/2BVSCY94w4rMp0x56V0iT+jueTeijcQ==",
            "content_md5": "d633e1327393c53e2aaa3d2e82e753a8",
            "content_sha1": "2a8d270896babde0cfb6e7964a307a9e078cbbf7",
            "content_sha256": "09fb07395f2efa3b98cdb86d79dc93471d7f7c25952c65727cf41e8cb8631735",
            "content_sha512": "26d423a1da4744539e46467095b7ddd915bf1833b6fd6620fa8f26f3dd0528ab14449154b9bb5f7bdff605548263de30e2b329d31e7a574893fa3b9e4de8a371",
            "filename": "./scripts/user_data.sh",
            "id": "2a8d270896babde0cfb6e7964a307a9e078cbbf7"
          },
          "sensitive_attributes": []
        }
      ]
    },
    {
      "mode": "managed",
      "type": "aws_instance",
      "name": "zabbix_server",
      "provider": "provider[\"registry.terraform.io/hashicorp/aws\"]",
      "instances": [
        {
          "schema_version": 1,
          "attributes": {
            "ami": "ami-0e2c8caa4b6378d8c",
            "arn": "arn:aws:ec2:us-east-1:008971679857:instance/i-01ceca93c595198d4",
            "associate_public_ip_address": true,
            "availability_zone": "us-east-1a",
            "capacity_reservation_specification": [
              {
                "capacity_reservation_preference": "open",
                "capacity_reservation_target": []
              }
            ],
            "cpu_core_count": 1,
            "cpu_options": [
              {
                "amd_sev_snp": "",
                "core_count": 1,
                "threads_per_core": 2
              }
            ],
            "cpu_threads_per_core": 2,
            "credit_specification": [
              {
                "cpu_credits": "unlimited"
              }
            ],
            "disable_api_stop": false,
            "disable_api_termination": false,
            "ebs_block_device": [],
            "ebs_optimized": false,
            "enable_primary_ipv6": null,
            "enclave_options": [
              {
                "enabled": false
              }
            ],
            "ephemeral_block_device": [],
            "get_password_data": false,
            "hibernation": false,
            "host_id": "",
            "host_resource_group_arn": null,
            "iam_instance_profile": "",
            "id": "i-01ceca93c595198d4",
            "instance_initiated_shutdown_behavior": "stop",
            "instance_lifecycle": "",
            "instance_market_options": [],
            "instance_state": "running",
            "instance_type": "t3.large",
            "ipv6_address_count": 0,
            "ipv6_addresses": [],
            "key_name": "terraform-lab",
            "launch_template": [],
            "maintenance_options": [
              {
                "auto_recovery": "default"
              }
            ],
            "metadata_options": [
              {
                "http_endpoint": "enabled",
                "http_protocol_ipv6": "disabled",
                "http_put_response_hop_limit": 2,
                "http_tokens": "required",
                "instance_metadata_tags": "disabled"
              }
            ],
            "monitoring": false,
            "network_interface": [],
            "outpost_arn": "",
            "password_data": "",
            "placement_group": "",
            "placement_partition_number": 0,
            "primary_network_interface_id": "eni-0950fce438adab21f",
            "private_dns": "ip-10-0-1-220.ec2.internal",
            "private_dns_name_options": [
              {
                "enable_resource_name_dns_a_record": false,
                "enable_resource_name_dns_aaaa_record": false,
                "hostname_type": "ip-name"
              }
            ],
            "private_ip": "10.0.1.220",
            "public_dns": "",
            "public_ip": "34.229.163.242",
            "root_block_device": [
              {
                "delete_on_termination": true,
                "device_name": "/dev/sda1",
                "encrypted": false,
                "iops": 3000,
                "kms_key_id": "",
                "tags": {},
                "tags_all": {},
                "throughput": 125,
                "volume_id": "vol-0f4687288f107d163",
                "volume_size": 8,
                "volume_type": "gp3"
              }
            ],
            "secondary_private_ips": [],
            "security_groups": [],
            "source_dest_check": true,
            "spot_instance_request_id": "",
            "subnet_id": "subnet-09319e66c104b19e2",
            "tags": {
              "Name": "ZabbixServerInstance"
            },
            "tags_all": {
              "Name": "ZabbixServerInstance"
            },
            "tenancy": "default",
            "timeouts": null,
            "user_data": "2a8d270896babde0cfb6e7964a307a9e078cbbf7",
            "user_data_base64": null,
            "user_data_replace_on_change": false,
            "volume_tags": null,
            "vpc_security_group_ids": [
              "sg-051fbf518be4fbdca"
            ]
          },
          "sensitive_attributes": [],
          "private": "eyJlMmJmYjczMC1lY2FhLTExZTYtOGY4OC0zNDM2M2JjN2M0YzAiOnsiY3JlYXRlIjo2MDAwMDAwMDAwMDAsImRlbGV0ZSI6MTIwMDAwMDAwMDAwMCwicmVhZCI6OTAwMDAwMDAwMDAwLCJ1cGRhdGUiOjYwMDAwMDAwMDAwMH0sInNjaGVtYV92ZXJzaW9uIjoiMSJ9",
          "dependencies": [
            "aws_security_group.main",
            "aws_subnet.main",
            "aws_vpc.main",
            "data.local_file.user_data"
          ]
        }
      ]
    },
    {
      "mode": "managed",
      "type": "aws_internet_gateway",
      "name": "main",
      "provider": "provider[\"registry.terraform.io/hashicorp/aws\"]",
      "instances": [
        {
          "schema_version": 0,
          "attributes": {
            "arn": "arn:aws:ec2:us-east-1:008971679857:internet-gateway/igw-0b621ff59e98fd722",
            "id": "igw-0b621ff59e98fd722",
            "owner_id": "008971679857",
            "tags": {
              "Name": "MyInternetGateway"
            },
            "tags_all": {
              "Name": "MyInternetGateway"
            },
            "timeouts": null,
            "vpc_id": "vpc-00159174d8129948a"
          },
          "sensitive_attributes": [],
          "private": "eyJlMmJmYjczMC1lY2FhLTExZTYtOGY4OC0zNDM2M2JjN2M0YzAiOnsiY3JlYXRlIjoxMjAwMDAwMDAwMDAwLCJkZWxldGUiOjEyMDAwMDAwMDAwMDAsInVwZGF0ZSI6MTIwMDAwMDAwMDAwMH19",
          "dependencies": [
            "aws_vpc.main"
          ]
        }
      ]
    },
    {
      "mode": "managed",
      "type": "aws_route_table",
      "name": "main",
      "provider": "provider[\"registry.terraform.io/hashicorp/aws\"]",
      "instances": [
        {
          "schema_version": 0,
          "attributes": {
            "arn": "arn:aws:ec2:us-east-1:008971679857:route-table/rtb-08e825a5652d36b40",
            "id": "rtb-08e825a5652d36b40",
            "owner_id": "008971679857",
            "propagating_vgws": [],
            "route": [
              {
                "carrier_gateway_id": "",
                "cidr_block": "0.0.0.0/0",
                "core_network_arn": "",
                "destination_prefix_list_id": "",
                "egress_only_gateway_id": "",
                "gateway_id": "igw-0b621ff59e98fd722",
                "ipv6_cidr_block": "",
                "local_gateway_id": "",
                "nat_gateway_id": "",
                "network_interface_id": "",
                "transit_gateway_id": "",
                "vpc_endpoint_id": "",
                "vpc_peering_connection_id": ""
              }
            ],
            "tags": {
              "Name": "MyRouteTable"
            },
            "tags_all": {
              "Name": "MyRouteTable"
            },
            "timeouts": null,
            "vpc_id": "vpc-00159174d8129948a"
          },
          "sensitive_attributes": [],
          "private": "eyJlMmJmYjczMC1lY2FhLTExZTYtOGY4OC0zNDM2M2JjN2M0YzAiOnsiY3JlYXRlIjozMDAwMDAwMDAwMDAsImRlbGV0ZSI6MzAwMDAwMDAwMDAwLCJ1cGRhdGUiOjEyMDAwMDAwMDAwMH19",
          "dependencies": [
            "aws_internet_gateway.main",
            "aws_vpc.main"
          ]
        }
      ]
    },
    {
      "mode": "managed",
      "type": "aws_route_table_association",
      "name": "main",
      "provider": "provider[\"registry.terraform.io/hashicorp/aws\"]",
      "instances": [
        {
          "schema_version": 0,
          "attributes": {
            "gateway_id": "",
            "id": "rtbassoc-044b5677fd1b512de",
            "route_table_id": "rtb-08e825a5652d36b40",
            "subnet_id": "subnet-09319e66c104b19e2",
            "timeouts": null
          },
          "sensitive_attributes": [],
          "private": "eyJlMmJmYjczMC1lY2FhLTExZTYtOGY4OC0zNDM2M2JjN2M0YzAiOnsiY3JlYXRlIjozMDAwMDAwMDAwMDAsImRlbGV0ZSI6MzAwMDAwMDAwMDAwLCJ1cGRhdGUiOjEyMDAwMDAwMDAwMH19",
          "dependencies": [
            "aws_internet_gateway.main",
            "aws_route_table.main",
            "aws_subnet.main",
            "aws_vpc.main"
          ]
        }
      ]
    },
    {
      "mode": "managed",
      "type": "aws_security_group",
      "name": "main",
      "provider": "provider[\"registry.terraform.io/hashicorp/aws\"]",
      "instances": [
        {
          "schema_version": 1,
          "attributes": {
            "arn": "arn:aws:ec2:us-east-1:008971679857:security-group/sg-051fbf518be4fbdca",
            "description": "Allow SSH and Zabbix access",
            "egress": [
              {
                "cidr_blocks": [
                  "0.0.0.0/0"
                ],
                "description": "",
                "from_port": 0,
                "ipv6_cidr_blocks": [],
                "prefix_list_ids": [],
                "protocol": "-1",
                "security_groups": [],
                "self": false,
                "to_port": 0
              }
            ],
            "id": "sg-051fbf518be4fbdca",
            "ingress": [
              {
                "cidr_blocks": [
                  "0.0.0.0/0"
                ],
                "description": "Allow SSH",
                "from_port": 22,
                "ipv6_cidr_blocks": [],
                "prefix_list_ids": [],
                "protocol": "tcp",
                "security_groups": [],
                "self": false,
                "to_port": 22
              },
              {
                "cidr_blocks": [
                  "0.0.0.0/0"
                ],
                "description": "Allow Zabbix Agent",
                "from_port": 10050,
                "ipv6_cidr_blocks": [],
                "prefix_list_ids": [],
                "protocol": "tcp",
                "security_groups": [],
                "self": false,
                "to_port": 10050
              },
              {
                "cidr_blocks": [
                  "0.0.0.0/0"
                ],
                "description": "Allow Zabbix Server",
                "from_port": 10051,
                "ipv6_cidr_blocks": [],
                "prefix_list_ids": [],
                "protocol": "tcp",
                "security_groups": [],
                "self": false,
                "to_port": 10051
              },
              {
                "cidr_blocks": [
                  "0.0.0.0/0"
                ],
                "description": "Allow Zabbix Web",
                "from_port": 80,
                "ipv6_cidr_blocks": [],
                "prefix_list_ids": [],
                "protocol": "tcp",
                "security_groups": [],
                "self": false,
                "to_port": 80
              }
            ],
            "name": "zabbix-sg",
            "name_prefix": "",
            "owner_id": "008971679857",
            "revoke_rules_on_delete": false,
            "tags": {
              "Name": "ZabbixSecurityGroup"
            },
            "tags_all": {
              "Name": "ZabbixSecurityGroup"
            },
            "timeouts": null,
            "vpc_id": "vpc-00159174d8129948a"
          },
          "sensitive_attributes": [],
          "private": "eyJlMmJmYjczMC1lY2FhLTExZTYtOGY4OC0zNDM2M2JjN2M0YzAiOnsiY3JlYXRlIjo2MDAwMDAwMDAwMDAsImRlbGV0ZSI6OTAwMDAwMDAwMDAwfSwic2NoZW1hX3ZlcnNpb24iOiIxIn0=",
          "dependencies": [
            "aws_vpc.main"
          ]
        }
      ]
    },
    {
      "mode": "managed",
      "type": "aws_subnet",
      "name": "main",
      "provider": "provider[\"registry.terraform.io/hashicorp/aws\"]",
      "instances": [
        {
          "schema_version": 1,
          "attributes": {
            "arn": "arn:aws:ec2:us-east-1:008971679857:subnet/subnet-09319e66c104b19e2",
            "assign_ipv6_address_on_creation": false,
            "availability_zone": "us-east-1a",
            "availability_zone_id": "use1-az4",
            "cidr_block": "10.0.1.0/24",
            "customer_owned_ipv4_pool": "",
            "enable_dns64": false,
            "enable_lni_at_device_index": 0,
            "enable_resource_name_dns_a_record_on_launch": false,
            "enable_resource_name_dns_aaaa_record_on_launch": false,
            "id": "subnet-09319e66c104b19e2",
            "ipv6_cidr_block": "",
            "ipv6_cidr_block_association_id": "",
            "ipv6_native": false,
            "map_customer_owned_ip_on_launch": false,
            "map_public_ip_on_launch": true,
            "outpost_arn": "",
            "owner_id": "008971679857",
            "private_dns_hostname_type_on_launch": "ip-name",
            "tags": {
              "Name": "MyTerraformSubnet"
            },
            "tags_all": {
              "Name": "MyTerraformSubnet"
            },
            "timeouts": null,
            "vpc_id": "vpc-00159174d8129948a"
          },
          "sensitive_attributes": [],
          "private": "eyJlMmJmYjczMC1lY2FhLTExZTYtOGY4OC0zNDM2M2JjN2M0YzAiOnsiY3JlYXRlIjo2MDAwMDAwMDAwMDAsImRlbGV0ZSI6MTIwMDAwMDAwMDAwMH0sInNjaGVtYV92ZXJzaW9uIjoiMSJ9",
          "dependencies": [
            "aws_vpc.main"
          ]
        }
      ]
    },
    {
      "mode": "managed",
      "type": "aws_vpc",
      "name": "main",
      "provider": "provider[\"registry.terraform.io/hashicorp/aws\"]",
      "instances": [
        {
          "schema_version": 1,
          "attributes": {
            "arn": "arn:aws:ec2:us-east-1:008971679857:vpc/vpc-00159174d8129948a",
            "assign_generated_ipv6_cidr_block": false,
            "cidr_block": "10.0.0.0/16",
            "default_network_acl_id": "acl-0840e81fd1866dfe7",
            "default_route_table_id": "rtb-034a874b552d38fb0",
            "default_security_group_id": "sg-0027154c5d6f1085f",
            "dhcp_options_id": "dopt-0735b331a44b35179",
            "enable_dns_hostnames": false,
            "enable_dns_support": true,
            "enable_network_address_usage_metrics": false,
            "id": "vpc-00159174d8129948a",
            "instance_tenancy": "default",
            "ipv4_ipam_pool_id": null,
            "ipv4_netmask_length": null,
            "ipv6_association_id": "",
            "ipv6_cidr_block": "",
            "ipv6_cidr_block_network_border_group": "",
            "ipv6_ipam_pool_id": "",
            "ipv6_netmask_length": 0,
            "main_route_table_id": "rtb-034a874b552d38fb0",
            "owner_id": "008971679857",
            "tags": {
              "Name": "MyTerraformVPC"
            },
            "tags_all": {
              "Name": "MyTerraformVPC"
            }
          },
          "sensitive_attributes": [],
          "private": "eyJzY2hlbWFfdmVyc2lvbiI6IjEifQ=="
        }
      ]
    }
  ],
  "check_results": null
}
